Microsoft Visual Studio Solution File, Format Version 12.00
# Visual Studio Version 17
VisualStudioVersion = 17.5.2.0
MinimumVisualStudioVersion = 10.0.40219.1
Project("{FAE04EC0-301F-11D3-BF4B-00C04F79EFBC}") = "MyMusicManager", "MyMusicManager.csproj", "{6B23F30A-B397-B541-314C-8270699FFB00}"
EndProject
Global
	GlobalSection(SolutionConfigurationPlatforms) = preSolution
		Debug|Any CPU = Debug|Any CPU
		Release|Any CPU = Release|Any CPU
	EndGlobalSection
	GlobalSection(ProjectConfigurationPlatforms) = postSolution
		{6B23F30A-B397-B541-314C-8270699FFB00}.Debug|Any CPU.ActiveCfg = Debug|Any CPU
		{6B23F30A-B397-B541-314C-8270699FFB00}.Debug|Any CPU.Build.0 = Debug|Any CPU
		{6B23F30A-B397-B541-314C-8270699FFB00}.Release|Any CPU.ActiveCfg = Release|Any CPU
		{6B23F30A-B397-B541-314C-8270699FFB00}.Release|Any CPU.Build.0 = Release|Any CPU
	EndGlobalSection
	GlobalSection(SolutionProperties) = preSolution
		HideSolutionNode = FALSE
	EndGlobalSection
	GlobalSection(ExtensibilityGlobals) = postSolution
		SolutionGuid = {C6C6F648-51BF-4392-8A80-36644CA4C76D}
	EndGlobalSection
EndGlobal
